// !$*UTF8*$!
{
	archiveVersion = 1;
	classes = {
	};
	objectVersion = 50;
	objects = {

/* Begin PBXBuildFile section */
		112FF78820D701D8006E2EBE /* AppDelegate.swift in Sources */ = {isa = PBXBuildFile; fileRef = 112FF78720D701D8006E2EBE /* AppDelegate.swift */; };
		112FF78A20D701D8006E2EBE /* ViewController.swift in Sources */ = {isa = PBXBuildFile; fileRef = 112FF78920D701D8006E2EBE /* ViewController.swift */; };
		112FF78D20D701D8006E2EBE /* Main.storyboard in Resources */ = {isa = PBXBuildFile; fileRef = 112FF78B20D701D8006E2EBE /* Main.storyboard */; };
		112FF79020D701D8006E2EBE /* perioden_kalender.xcdatamodeld in Sources */ = {isa = PBXBuildFile; fileRef = 112FF78E20D701D8006E2EBE /* perioden_kalender.xcdatamodeld */; };
		112FF79220D701D9006E2EBE /* Assets.xcassets in Resources */ = {isa = PBXBuildFile; fileRef = 112FF79120D701D9006E2EBE /* Assets.xcassets */; };
		112FF79520D701D9006E2EBE /* LaunchScreen.storyboard in Resources */ = {isa = PBXBuildFile; fileRef = 112FF79320D701D9006E2EBE /* LaunchScreen.storyboard */; };
		112FF7A020D701D9006E2EBE /* perioden_kalenderTests.swift in Sources */ = {isa = PBXBuildFile; fileRef = 112FF79F20D701D9006E2EBE /* perioden_kalenderTests.swift */; };
		112FF7AB20D701D9006E2EBE /* perioden_kalenderUITests.swift in Sources */ = {isa = PBXBuildFile; fileRef = 112FF7AA20D701D9006E2EBE /* perioden_kalenderUITests.swift */; };
/* End PBXBuildFile section */

/* Begin PBXContainerItemProxy section */
		112FF79C20D701D9006E2EBE /* PBXContainerItemProxy */ = {
			isa = PBXContainerItemProxy;
			containerPortal = 112FF77C20D701D8006E2EBE /* Project object */;
			proxyType = 1;
			remoteGlobalIDString = 112FF78320D701D8006E2EBE;
			remoteInfo = perioden_kalender;
		};
		112FF7A720D701D9006E2EBE /* PBXContainerItemProxy */ = {
			isa = PBXContainerItemProxy;
			containerPortal = 112FF77C20D701D8006E2EBE /* Project object */;
			proxyType = 1;
			remoteGlobalIDString = 112FF78320D701D8006E2EBE;
			remoteInfo = perioden_kalender;
		};
/* End PBXContainerItemProxy section */

/* Begin PBXFileReference section */
		112FF78420D701D8006E2EBE /* perioden_kalender.app */ = {isa = PBXFileReference; explicitFileType = wrapper.application; includeInIndex = 0; path = perioden_kalender.app; sourceTree = BUILT_PRODUCTS_DIR; };
		112FF78720D701D8006E2EBE /* AppDelegate.swift */ = {isa = PBXFileReference; lastKnownFileType = sourcecode.swift; path = AppDelegate.swift; sourceTree = "<group>"; };
		112FF78920D701D8006E2EBE /* ViewController.swift */ = {isa = PBXFileReference; lastKnownFileType = sourcecode.swift; path = ViewController.swift; sourceTree = "<group>"; };
		112FF78C20D701D8006E2EBE /* Base */ = {isa = PBXFileReference; lastKnownFileType = file.storyboard; name = Base; path = Base.lproj/Main.storyboard; sourceTree = "<group>"; };
		112FF78F20D701D8006E2EBE /* perioden_kalender.xcdatamodel */ = {isa = PBXFileReference; lastKnownFileType = wrapper.xcdatamodel; path = perioden_kalender.xcdatamodel; sourceTree = "<group>"; };
		112FF79120D701D9006E2EBE /* Assets.xcassets */ = {isa = PBXFileReference; lastKnownFileType = folder.assetcatalog; path = Assets.xcassets; sourceTree = "<group>"; };
		112FF79420D701D9006E2EBE /* Base */ = {isa = PBXFileReference; lastKnownFileType = file.storyboard; name = Base; path = Base.lproj/LaunchScreen.storyboard; sourceTree = "<group>"; };
		112FF79620D701D9006E2EBE /* Info.plist */ = {isa = PBXFileReference; lastKnownFileType = text.plist.xml; path = Info.plist; sourceTree = "<group>"; };
		112FF79B20D701D9006E2EBE /* perioden_kalenderTests.xctest */ = {isa = PBXFileReference; explicitFileType = wrapper.cfbundle; includeInIndex = 0; path = perioden_kalenderTests.xctest; sourceTree = BUILT_PRODUCTS_DIR; };
		112FF79F20D701D9006E2EBE /* perioden_kalenderTests.swift */ = {isa = PBXFileReference; lastKnownFileType = sourcecode.swift; path = perioden_kalenderTests.swift; sourceTree = "<group>"; };
		112FF7A120D701D9006E2EBE /* Info.plist */ = {isa = PBXFileReference; lastKnownFileType = text.plist.xml; path = Info.plist; sourceTree = "<group>"; };
		112FF7A620D701D9006E2EBE /* perioden_kalenderUITests.xctest */ = {isa = PBXFileReference; explicitFileType = wrapper.cfbundle; includeInIndex = 0; path = perioden_kalenderUITests.xctest; sourceTree = BUILT_PRODUCTS_DIR; };
		112FF7AA20D701D9006E2EBE /* perioden_kalenderUITests.swift */ = {isa = PBXFileReference; lastKnownFileType = sourcecode.swift; path = perioden_kalenderUITests.swift; sourceTree = "<group>"; };
		112FF7AC20D701D9006E2EBE /* Info.plist */ = {isa = PBXFileReference; lastKnownFileType = text.plist.xml; path = Info.plist; sourceTree = "<group>"; };
/* End PBXFileReference section */

/* Begin PBXFrameworksBuildPhase section */
		112FF78120D701D8006E2EBE /* Frameworks */ = {
			isa = PBXFrameworksBuildPhase;
			buildActionMask = 2147483647;
			files = (
			);
			runOnlyForDeploymentPostprocessing = 0;
		};
		112FF79820D701D9006E2EBE /* Frameworks */ = {
			isa = PBXFrameworksBuildPhase;
			buildActionMask = 2147483647;
			files = (
			);
			runOnlyForDeploymentPostprocessing = 0;
		};
		112FF7A320D701D9006E2EBE /* Frameworks */ = {
			isa = PBXFrameworksBuildPhase;
			buildActionMask = 2147483647;
			files = (
			);
			runOnlyForDeploymentPostprocessing = 0;
		};
/* End PBXFrameworksBuildPhase section */

/* Begin PBXGroup section */
		112FF77B20D701D8006E2EBE = {
			isa = PBXGroup;
			children = (
				112FF78620D701D8006E2EBE /* perioden_kalender */,
				112FF79E20D701D9006E2EBE /* perioden_kalenderTests */,
				112FF7A920D701D9006E2EBE /* perioden_kalenderUITests */,
				112FF78520D701D8006E2EBE /* Products */,
			);
			sourceTree = "<group>";
		};
		112FF78520D701D8006E2EBE /* Products */ = {
			isa = PBXGroup;
			children = (
				112FF78420D701D8006E2EBE /* perioden_kalender.app */,
				112FF79B20D701D9006E2EBE /* perioden_kalenderTests.xctest */,
				112FF7A620D701D9006E2EBE /* perioden_kalenderUITests.xctest */,
			);
			name = Products;
			sourceTree = "<group>";
		};
		112FF78620D701D8006E2EBE /* perioden_kalender */ = {
			isa = PBXGroup;
			children = (
				112FF78720D701D8006E2EBE /* AppDelegate.swift */,
				112FF78920D701D8006E2EBE /* ViewController.swift */,
				112FF78B20D701D8006E2EBE /* Main.storyboard */,
				112FF79120D701D9006E2EBE /* Assets.xcassets */,
				112FF79320D701D9006E2EBE /* LaunchScreen.storyboard */,
				112FF79620D701D9006E2EBE /* Info.plist */,
				112FF78E20D701D8006E2EBE /* perioden_kalender.xcdatamodeld */,
			);
			path = perioden_kalender;
			sourceTree = "<group>";
		};
		112FF79E20D701D9006E2EBE /* perioden_kalenderTests */ = {
			isa = PBXGroup;
			children = (
				112FF79F20D701D9006E2EBE /* perioden_kalenderTests.swift */,
				112FF7A120D701D9006E2EBE /* Info.plist */,
			);
			path = perioden_kalenderTests;
			sourceTree = "<group>";
		};
		112FF7A920D701D9006E2EBE /* perioden_kalenderUITests */ = {
			isa = PBXGroup;
			children = (
				112FF7AA20D701D9006E2EBE /* perioden_kalenderUITests.swift */,
				112FF7AC20D701D9006E2EBE /* Info.plist */,
			);
			path = perioden_kalenderUITests;
			sourceTree = "<group>";
		};
/* End PBXGroup section */

/* Begin PBXNativeTarget section */
		112FF78320D701D8006E2EBE /* perioden_kalender */ = {
			isa = PBXNativeTarget;
			buildConfigurationList = 112FF7AF20D701D9006E2EBE /* Build configuration list for PBXNativeTarget "perioden_kalender" */;
			buildPhases = (
				112FF78020D701D8006E2EBE /* Sources */,
				112FF78120D701D8006E2EBE /* Frameworks */,
				112FF78220D701D8006E2EBE /* Resources */,
			);
			buildRules = (
			);
			dependencies = (
			);
			name = perioden_kalender;
			productName = perioden_kalender;
			productReference = 112FF78420D701D8006E2EBE /* perioden_kalender.app */;
			productType = "com.apple.product-type.application";
		};
		112FF79A20D701D9006E2EBE /* perioden_kalenderTests */ = {
			isa = PBXNativeTarget;
			buildConfigurationList = 112FF7B220D701D9006E2EBE /* Build configuration list for PBXNativeTarget "perioden_kalenderTests" */;
			buildPhases = (
				112FF79720D701D9006E2EBE /* Sources */,
				112FF79820D701D9006E2EBE /* Frameworks */,
				112FF79920D701D9006E2EBE /* Resources */,
			);
			buildRules = (
			);
			dependencies = (
				112FF79D20D701D9006E2EBE /* PBXTargetDependency */,
			);
			name = perioden_kalenderTests;
			productName = perioden_kalenderTests;
			productReference = 112FF79B20D701D9006E2EBE /* perioden_kalenderTests.xctest */;
			productType = "com.apple.product-type.bundle.unit-test";
		};
		112FF7A520D701D9006E2EBE /* perioden_kalenderUITests */ = {
			isa = PBXNativeTarget;
			buildConfigurationList = 112FF7B520D701D9006E2EBE /* Build configuration list for PBXNativeTarget "perioden_kalenderUITests" */;
			buildPhases = (
				112FF7A220D701D9006E2EBE /* Sources */,
				112FF7A320D701D9006E2EBE /* Frameworks */,
				112FF7A420D701D9006E2EBE /* Resources */,
			);
			buildRules = (
			);
			dependencies = (
				112FF7A820D701D9006E2EBE /* PBXTargetDependency */,
			);
			name = perioden_kalenderUITests;
			productName = perioden_kalenderUITests;
			productReference = 112FF7A620D701D9006E2EBE /* perioden_kalenderUITests.xctest */;
			productType = "com.apple.product-type.bundle.ui-testing";
		};
/* End PBXNativeTarget section */

/* Begin PBXProject section */
		112FF77C20D701D8006E2EBE /* Project object */ = {
			isa = PBXProject;
			attributes = {
				LastSwiftUpdateCheck = 0940;
				LastUpgradeCheck = 0940;
				ORGANIZATIONNAME = "Benjamin Tiggemann";
				TargetAttributes = {
					112FF78320D701D8006E2EBE = {
						CreatedOnToolsVersion = 9.4;
					};
					112FF79A20D701D9006E2EBE = {
						CreatedOnToolsVersion = 9.4;
						TestTargetID = 112FF78320D701D8006E2EBE;
					};
					112FF7A520D701D9006E2EBE = {
						CreatedOnToolsVersion = 9.4;
						TestTargetID = 112FF78320D701D8006E2EBE;
					};
				};
			};
			buildConfigurationList = 112FF77F20D701D8006E2EBE /* Build configuration list for PBXProject "perioden_kalender" */;
			compatibilityVersion = "Xcode 9.3";
			developmentRegion = en;
			hasScannedForEncodings = 0;
			knownRegions = (
				en,
				Base,
			);
			mainGroup = 112FF77B20D701D8006E2EBE;
			productRefGroup = 112FF78520D701D8006E2EBE /* Products */;
			projectDirPath = "";
			projectRoot = "";
			targets = (
				112FF78320D701D8006E2EBE /* perioden_kalender */,
				112FF79A20D701D9006E2EBE /* perioden_kalenderTests */,
				112FF7A520D701D9006E2EBE /* perioden_kalenderUITests */,
			);
		};
/* End PBXProject section */

/* Begin PBXResourcesBuildPhase section */
		112FF78220D701D8006E2EBE /* Resources */ = {
			isa = PBXResourcesBuildPhase;
			buildActionMask = 2147483647;
			files = (
				112FF79520D701D9006E2EBE /* LaunchScreen.storyboard in Resources */,
				112FF79220D701D9006E2EBE /* Assets.xcassets in Resources */,
				112FF78D20D701D8006E2EBE /* Main.storyboard in Resources */,
			);
			runOnlyForDeploymentPostprocessing = 0;
		};
		112FF79920D701D9006E2EBE /* Resources */ = {
			isa = PBXResourcesBuildPhase;
			buildActionMask = 2147483647;
			files = (
			);
			runOnlyForDeploymentPostprocessing = 0;
		};
		112FF7A420D701D9006E2EBE /* Resources */ = {
			isa = PBXResourcesBuildPhase;
			buildActionMask = 2147483647;
			files = (
			);
			runOnlyForDeploymentPostprocessing = 0;
		};
/* End PBXResourcesBuildPhase section */

/* Begin PBXSourcesBuildPhase section */
		112FF78020D701D8006E2EBE /* Sources */ = {
			isa = PBXSourcesBuildPhase;
			buildActionMask = 2147483647;
			files = (
				112FF79020D701D8006E2EBE /* perioden_kalender.xcdatamodeld in Sources */,
				112FF78A20D701D8006E2EBE /* ViewController.swift in Sources */,
				112FF78820D701D8006E2EBE /* AppDelegate.swift in Sources */,
			);
			runOnlyForDeploymentPostprocessing = 0;
		};
		112FF79720D701D9006E2EBE /* Sources */ = {
			isa = PBXSourcesBuildPhase;
			buildActionMask = 2147483647;
			files = (
				112FF7A020D701D9006E2EBE /* perioden_kalenderTests.swift in Sources */,
			);
			runOnlyForDeploymentPostprocessing = 0;
		};
		112FF7A220D701D9006E2EBE /* Sources */ = {
			isa = PBXSourcesBuildPhase;
			buildActionMask = 2147483647;
			files = (
				112FF7AB20D701D9006E2EBE /* perioden_kalenderUITests.swift in Sources */,
			);
			runOnlyForDeploymentPostprocessing = 0;
		};
/* End PBXSourcesBuildPhase section */

/* Begin PBXTargetDependency section */
		112FF79D20D701D9006E2EBE /* PBXTargetDependency */ = {
			isa = PBXTargetDependency;
			target = 112FF78320D701D8006E2EBE /* perioden_kalender */;
			targetProxy = 112FF79C20D701D9006E2EBE /* PBXContainerItemProxy */;
		};
		112FF7A820D701D9006E2EBE /* PBXTargetDependency */ = {
			isa = PBXTargetDependency;
			target = 112FF78320D701D8006E2EBE /* perioden_kalender */;
			targetProxy = 112FF7A720D701D9006E2EBE /* PBXContainerItemProxy */;
		};
/* End PBXTargetDependency section */

/* Begin PBXVariantGroup section */
		112FF78B20D701D8006E2EBE /* Main.storyboard */ = {
			isa = PBXVariantGroup;
			children = (
				112FF78C20D701D8006E2EBE /* Base */,
			);
			name = Main.storyboard;
			sourceTree = "<group>";
		};
		112FF79320D701D9006E2EBE /* LaunchScreen.storyboard */ = {
			isa = PBXVariantGroup;
			children = (
				112FF79420D701D9006E2EBE /* Base */,
			);
			name = LaunchScreen.storyboard;
			sourceTree = "<group>";
		};
/* End PBXVariantGroup section */

/* Begin XCBuildConfiguration section */
		112FF7AD20D701D9006E2EBE /* Debug */ = {
			isa = XCBuildConfiguration;
			buildSettings = {
				ALWAYS_SEARCH_USER_PATHS = NO;
				CLANG_ANALYZER_NONNULL = YES;
				CLANG_ANALYZER_NUMBER_OBJECT_CONVERSION = YES_AGGRESSIVE;
				CLANG_CXX_LANGUAGE_STANDARD = "gnu++14";
				CLANG_CXX_LIBRARY = "libc++";
				CLANG_ENABLE_MODULES = YES;
				CLANG_ENABLE_OBJC_ARC = YES;
				CLANG_ENABLE_OBJC_WEAK = YES;
				CLANG_WARN_BLOCK_CAPTURE_AUTORELEASING = YES;
				CLANG_WARN_BOOL_CONVERSION = YES;
				CLANG_WARN_COMMA = YES;
				CLANG_WARN_CONSTANT_CONVERSION = YES;
				CLANG_WARN_DEPRECATED_OBJC_IMPLEMENTATIONS = YES;
				CLANG_WARN_DIRECT_OBJC_ISA_USAGE = YES_ERROR;
				CLANG_WARN_DOCUMENTATION_COMMENTS = YES;
				CLANG_WARN_EMPTY_BODY = YES;
				CLANG_WARN_ENUM_CONVERSION = YES;
				CLANG_WARN_INFINITE_RECURSION = YES;
				CLANG_WARN_INT_CONVERSION = YES;
				CLANG_WARN_NON_LITERAL_NULL_CONVERSION = YES;
				CLANG_WARN_OBJC_IMPLICIT_RETAIN_SELF = YES;
				CLANG_WARN_OBJC_LITERAL_CONVERSION = YES;
				CLANG_WARN_OBJC_ROOT_CLASS = YES_ERROR;
				CLANG_WARN_RANGE_LOOP_ANALYSIS = YES;
				CLANG_WARN_STRICT_PROTOTYPES = YES;
				CLANG_WARN_SUSPICIOUS_MOVE = YES;
				CLANG_WARN_UNGUARDED_AVAILABILITY = YES_AGGRESSIVE;
				CLANG_WARN_UNREACHABLE_CODE = YES;
				CLANG_WARN__DUPLICATE_METHOD_MATCH = YES;
				CODE_SIGN_IDENTITY = "iPhone Developer";
				COPY_PHASE_STRIP = NO;
				DEBUG_INFORMATION_FORMAT = dwarf;
				ENABLE_STRICT_OBJC_MSGSEND = YES;
				ENABLE_TESTABILITY = YES;
				GCC_C_LANGUAGE_STANDARD = gnu11;
				GCC_DYNAMIC_NO_PIC = NO;
				GCC_NO_COMMON_BLOCKS = YES;
				GCC_OPTIMIZATION_LEVEL = 0;
				GCC_PREPROCESSOR_DEFINITIONS = (
					"DEBUG=1",
					"$(inherited)",
				);
				GCC_WARN_64_TO_32_BIT_CONVERSION = YES;
				GCC_WARN_ABOUT_RETURN_TYPE = YES_ERROR;
				GCC_WARN_UNDECLARED_SELECTOR = YES;
				GCC_WARN_UNINITIALIZED_AUTOS = YES_AGGRESSIVE;
				GCC_WARN_UNUSED_FUNCTION = YES;
				GCC_WARN_UNUSED_VARIABLE = YES;
				IPHONEOS_DEPLOYMENT_TARGET = 11.4;
				MTL_ENABLE_DEBUG_INFO = YES;
				ONLY_ACTIVE_ARCH = YES;
				SDKROOT = iphoneos;
				SWIFT_ACTIVE_COMPILATION_CONDITIONS = DEBUG;
				SWIFT_OPTIMIZATION_LEVEL = "-Onone";
			};
			name = Debug;
		};
		112FF7AE20D701D9006E2EBE /* Release */ = {
			isa = XCBuildConfiguration;
			buildSettings = {
				ALWAYS_SEARCH_USER_PATHS = NO;
				CLANG_ANALYZER_NONNULL = YES;
				CLANG_ANALYZER_NUMBER_OBJECT_CONVERSION = YES_AGGRESSIVE;
				CLANG_CXX_LANGUAGE_STANDARD = "gnu++14";
				CLANG_CXX_LIBRARY = "libc++";
				CLANG_ENABLE_MODULES = YES;
				CLANG_ENABLE_OBJC_ARC = YES;
				CLANG_ENABLE_OBJC_WEAK = YES;
				CLANG_WARN_BLOCK_CAPTURE_AUTORELEASING = YES;
				CLANG_WARN_BOOL_CONVERSION = YES;
				CLANG_WARN_COMMA = YES;
				CLANG_WARN_CONSTANT_CONVERSION = YES;
				CLANG_WARN_DEPRECATED_OBJC_IMPLEMENTATIONS = YES;
				CLANG_WARN_DIRECT_OBJC_ISA_USAGE = YES_ERROR;
				CLANG_WARN_DOCUMENTATION_COMMENTS = YES;
				CLANG_WARN_EMPTY_BODY = YES;
				CLANG_WARN_ENUM_CONVERSION = YES;
				CLANG_WARN_INFINITE_RECURSION = YES;
				CLANG_WARN_INT_CONVERSION = YES;
				CLANG_WARN_NON_LITERAL_NULL_CONVERSION = YES;
				CLANG_WARN_OBJC_IMPLICIT_RETAIN_SELF = YES;
				CLANG_WARN_OBJC_LITERAL_CONVERSION = YES;
				CLANG_WARN_OBJC_ROOT_CLASS = YES_ERROR;
				CLANG_WARN_RANGE_LOOP_ANALYSIS = YES;
				CLANG_WARN_STRICT_PROTOTYPES = YES;
				CLANG_WARN_SUSPICIOUS_MOVE = YES;
				CLANG_WARN_UNGUARDED_AVAILABILITY = YES_AGGRESSIVE;
				CLANG_WARN_UNREACHABLE_CODE = YES;
				CLANG_WARN__DUPLICATE_METHOD_MATCH = YES;
				CODE_SIGN_IDENTITY = "iPhone Developer";
				COPY_PHASE_STRIP = NO;
				DEBUG_INFORMATION_FORMAT = "dwarf-with-dsym";
				ENABLE_NS_ASSERTIONS = NO;
				ENABLE_STRICT_OBJC_MSGSEND = YES;
				GCC_C_LANGUAGE_STANDARD = gnu11;
				GCC_NO_COMMON_BLOCKS = YES;
				GCC_WARN_64_TO_32_BIT_CONVERSION = YES;
				GCC_WARN_ABOUT_RETURN_TYPE = YES_ERROR;
				GCC_WARN_UNDECLARED_SELECTOR = YES;
				GCC_WARN_UNINITIALIZED_AUTOS = YES_AGGRESSIVE;
				GCC_WARN_UNUSED_FUNCTION = YES;
				GCC_WARN_UNUSED_VARIABLE = YES;
				IPHONEOS_DEPLOYMENT_TARGET = 11.4;
				MTL_ENABLE_DEBUG_INFO = NO;
				SDKROOT = iphoneos;
				SWIFT_COMPILATION_MODE = wholemodule;
				SWIFT_OPTIMIZATION_LEVEL = "-O";
				VALIDATE_PRODUCT = YES;
			};
			name = Release;
		};
		112FF7B020D701D9006E2EBE /* Debug */ = {
			isa = XCBuildConfiguration;
			buildSettings = {
				ASSETCATALOG_COMPILER_APPICON_NAME = AppIcon;
				CODE_SIGN_STYLE = Automatic;
				INFOPLIST_FILE = perioden_kalender/Info.plist;
				LD_RUNPATH_SEARCH_PATHS = (
					"$(inherited)",
					"@executable_path/Frameworks",
				);
				PRODUCT_BUNDLE_IDENTIFIER = "com.bentigge.perioden-kalender";
				PRODUCT_NAME = "$(TARGET_NAME)";
				SWIFT_VERSION = 4.0;
				TARGETED_DEVICE_FAMILY = 1;
			};
			name = Debug;
		};
		112FF7B120D701D9006E2EBE /* Release */ = {
			isa = XCBuildConfiguration;
			buildSettings = {
				ASSETCATALOG_COMPILER_APPICON_NAME = AppIcon;
				CODE_SIGN_STYLE = Automatic;
				INFOPLIST_FILE = perioden_kalender/Info.plist;
				LD_RUNPATH_SEARCH_PATHS = (
					"$(inherited)",
					"@executable_path/Frameworks",
				);
				PRODUCT_BUNDLE_IDENTIFIER = "com.bentigge.perioden-kalender";
				PRODUCT_NAME = "$(TARGET_NAME)";
				SWIFT_VERSION = 4.0;
				TARGETED_DEVICE_FAMILY = 1;
			};
			name = Release;
		};
		112FF7B320D701D9006E2EBE /* Debug */ = {
			isa = XCBuildConfiguration;
			buildSettings = {
				ALWAYS_EMBED_SWIFT_STANDARD_LIBRARIES = YES;
				BUNDLE_LOADER = "$(TEST_HOST)";
				CODE_SIGN_STYLE = Automatic;
				INFOPLIST_FILE = perioden_kalenderTests/Info.plist;
				LD_RUNPATH_SEARCH_PATHS = (
					"$(inherited)",
					"@executable_path/Frameworks",
					"@loader_path/Frameworks",
				);
				PRODUCT_BUNDLE_IDENTIFIER = "com.bentigge.perioden-kalenderTests";
				PRODUCT_NAME = "$(TARGET_NAME)";
				SWIFT_VERSION = 4.0;
				TARGETED_DEVICE_FAMILY = "1,2";
				TEST_HOST = "$(BUILT_PRODUCTS_DIR)/perioden_kalender.app/perioden_kalender";
			};
			name = Debug;
		};
		112FF7B420D701D9006E2EBE /* Release */ = {
			isa = XCBuildConfiguration;
			buildSettings = {
				ALWAYS_EMBED_SWIFT_STANDARD_LIBRARIES = YES;
				BUNDLE_LOADER = "$(TEST_HOST)";
				CODE_SIGN_STYLE = Automatic;
				INFOPLIST_FILE = perioden_kalenderTests/Info.plist;
				LD_RUNPATH_SEARCH_PATHS = (
					"$(inherited)",
					"@executable_path/Frameworks",
					"@loader_path/Frameworks",
				);
				PRODUCT_BUNDLE_IDENTIFIER = "com.bentigge.perioden-kalenderTests";
				PRODUCT_NAME = "$(TARGET_NAME)";
				SWIFT_VERSION = 4.0;
				TARGETED_DEVICE_FAMILY = "1,2";
				TEST_HOST = "$(BUILT_PRODUCTS_DIR)/perioden_kalender.app/perioden_kalender";
			};
			name = Release;
		};
		112FF7B620D701D9006E2EBE /* Debug */ = {
			isa = XCBuildConfiguration;
			buildSettings = {
				ALWAYS_EMBED_SWIFT_STANDARD_LIBRARIES = YES;
				CODE_SIGN_STYLE = Automatic;
				INFOPLIST_FILE = perioden_kalenderUITests/Info.plist;
				LD_RUNPATH_SEARCH_PATHS = (
					"$(inherited)",
					"@executable_path/Frameworks",
					"@loader_path/Frameworks",
				);
				PRODUCT_BUNDLE_IDENTIFIER = "com.bentigge.perioden-kalenderUITests";
				PRODUCT_NAME = "$(TARGET_NAME)";
				SWIFT_VERSION = 4.0;
				TARGETED_DEVICE_FAMILY = "1,2";
				TEST_TARGET_NAME = perioden_kalender;
			};
			name = Debug;
		};
		112FF7B720D701D9006E2EBE /* Release */ = {
			isa = XCBuildConfiguration;
			buildSettings = {
				ALWAYS_EMBED_SWIFT_STANDARD_LIBRARIES = YES;
				CODE_SIGN_STYLE = Automatic;
				INFOPLIST_FILE = perioden_kalenderUITests/Info.plist;
				LD_RUNPATH_SEARCH_PATHS = (
					"$(inherited)",
					"@executable_path/Frameworks",
					"@loader_path/Frameworks",
				);
				PRODUCT_BUNDLE_IDENTIFIER = "com.bentigge.perioden-kalenderUITests";
				PRODUCT_NAME = "$(TARGET_NAME)";
				SWIFT_VERSION = 4.0;
				TARGETED_DEVICE_FAMILY = "1,2";
				TEST_TARGET_NAME = perioden_kalender;
			};
			name = Release;
		};
/* End XCBuildConfiguration section */

/* Begin XCConfigurationList section */
		112FF77F20D701D8006E2EBE /* Build configuration list for PBXProject "perioden_kalender" */ = {
			isa = XCConfigurationList;
			buildConfigurations = (
				112FF7AD20D701D9006E2EBE /* Debug */,
				112FF7AE20D701D9006E2EBE /* Release */,
			);
			defaultConfigurationIsVisible = 0;
			defaultConfigurationName = Release;
		};
		112FF7AF20D701D9006E2EBE /* Build configuration list for PBXNativeTarget "perioden_kalender" */ = {
			isa = XCConfigurationList;
			buildConfigurations = (
				112FF7B020D701D9006E2EBE /* Debug */,
				112FF7B120D701D9006E2EBE /* Release */,
			);
			defaultConfigurationIsVisible = 0;
			defaultConfigurationName = Release;
		};
		112FF7B220D701D9006E2EBE /* Build configuration list for PBXNativeTarget "perioden_kalenderTests" */ = {
			isa = XCConfigurationList;
			buildConfigurations = (
				112FF7B320D701D9006E2EBE /* Debug */,
				112FF7B420D701D9006E2EBE /* Release */,
			);
			defaultConfigurationIsVisible = 0;
			defaultConfigurationName = Release;
		};
		112FF7B520D701D9006E2EBE /* Build configuration list for PBXNativeTarget "perioden_kalenderUITests" */ = {
			isa = XCConfigurationList;
			buildConfigurations = (
				112FF7B620D701D9006E2EBE /* Debug */,
				112FF7B720D701D9006E2EBE /* Release */,
			);
			defaultConfigurationIsVisible = 0;
			defaultConfigurationName = Release;
		};
/* End XCConfigurationList section */

/* Begin XCVersionGroup section */
		112FF78E20D701D8006E2EBE /* perioden_kalender.xcdatamodeld */ = {
			isa = XCVersionGroup;
			children = (
				112FF78F20D701D8006E2EBE /* perioden_kalender.xcdatamodel */,
			);
			currentVersion = 112FF78F20D701D8006E2EBE /* perioden_kalender.xcdatamodel */;
			path = perioden_kalender.xcdatamodeld;
			sourceTree = "<group>";
			versionGroupType = wrapper.xcdatamodel;
		};
/* End XCVersionGroup section */
	};
	rootObject = 112FF77C20D701D8006E2EBE /* Project object */;
}
