// !$*UTF8*$!
{
	archiveVersion = 1;
	classes = {
	};
	objectVersion = 50;
	objects = {

/* Begin PBXBuildFile section */
		1119825421222B180059A882 /* UserInfo.swift in Sources */ = {isa = PBXBuildFile; fileRef = 1119825321222B180059A882 /* UserInfo.swift */; };
		1119825621222BF70059A882 /* Settings.swift in Sources */ = {isa = PBXBuildFile; fileRef = 1119825521222BF70059A882 /* Settings.swift */; };
		1119825821222C080059A882 /* AppStyle.swift in Sources */ = {isa = PBXBuildFile; fileRef = 1119825721222C080059A882 /* AppStyle.swift */; };
		1119825D212233B60059A882 /* ThemeProtocol.swift in Sources */ = {isa = PBXBuildFile; fileRef = 1119825C212233B60059A882 /* ThemeProtocol.swift */; };
		1119825F212234AD0059A882 /* ClassicTheme.swift in Sources */ = {isa = PBXBuildFile; fileRef = 1119825E212234AD0059A882 /* ClassicTheme.swift */; };
		11198261212234BA0059A882 /* LightTheme.swift in Sources */ = {isa = PBXBuildFile; fileRef = 11198260212234BA0059A882 /* LightTheme.swift */; };
		11198263212234C50059A882 /* DarkTheme.swift in Sources */ = {isa = PBXBuildFile; fileRef = 11198262212234C50059A882 /* DarkTheme.swift */; };
		11198265212237DF0059A882 /* Colors.xcassets in Resources */ = {isa = PBXBuildFile; fileRef = 11198264212237DF0059A882 /* Colors.xcassets */; };
		11198267212238A70059A882 /* Theme.swift in Sources */ = {isa = PBXBuildFile; fileRef = 11198266212238A70059A882 /* Theme.swift */; };
		111982692122DBE00059A882 /* ForYouData.swift in Sources */ = {isa = PBXBuildFile; fileRef = 111982682122DBE00059A882 /* ForYouData.swift */; };
		115B853C2124A3D800A57E1B /* CustomCell.swift in Sources */ = {isa = PBXBuildFile; fileRef = 115B853B2124A3D700A57E1B /* CustomCell.swift */; };
		117D9E0F20E434980062DD80 /* CalenderBodyViewController.swift in Sources */ = {isa = PBXBuildFile; fileRef = 117D9E0E20E434980062DD80 /* CalenderBodyViewController.swift */; };
		118CFD5F20D8FACF00843B7F /* AppDelegate.swift in Sources */ = {isa = PBXBuildFile; fileRef = 118CFD5E20D8FACF00843B7F /* AppDelegate.swift */; };
		118CFD6720D8FACF00843B7F /* myCalendar.xcdatamodeld in Sources */ = {isa = PBXBuildFile; fileRef = 118CFD6520D8FACF00843B7F /* myCalendar.xcdatamodeld */; };
		118CFD6920D8FAD000843B7F /* Assets.xcassets in Resources */ = {isa = PBXBuildFile; fileRef = 118CFD6820D8FAD000843B7F /* Assets.xcassets */; };
		118CFD6C20D8FAD000843B7F /* LaunchScreen.storyboard in Resources */ = {isa = PBXBuildFile; fileRef = 118CFD6A20D8FAD000843B7F /* LaunchScreen.storyboard */; };
		118CFD7720D8FAD100843B7F /* myCalendarTests.swift in Sources */ = {isa = PBXBuildFile; fileRef = 118CFD7620D8FAD100843B7F /* myCalendarTests.swift */; };
		1199F01121231696007B6244 /* ViewControllerProtocol.swift in Sources */ = {isa = PBXBuildFile; fileRef = 1199F01021231696007B6244 /* ViewControllerProtocol.swift */; };
		1199F01521233231007B6244 /* ForYouCell.swift in Sources */ = {isa = PBXBuildFile; fileRef = 1199F01421233231007B6244 /* ForYouCell.swift */; };
		1199F01921233B93007B6244 /* CellContent.swift in Sources */ = {isa = PBXBuildFile; fileRef = 1199F01821233B93007B6244 /* CellContent.swift */; };
		11BF82E720DD234A0065D0CF /* CalendarHeaderView.swift in Sources */ = {isa = PBXBuildFile; fileRef = 11BF82E620DD234A0065D0CF /* CalendarHeaderView.swift */; };
		11BF82EA20DD24E20065D0CF /* CalendarMonthsModel.swift in Sources */ = {isa = PBXBuildFile; fileRef = 11BF82E920DD24E20065D0CF /* CalendarMonthsModel.swift */; };
		11BF82ED20DE85500065D0CF /* CalendarBodyView.swift in Sources */ = {isa = PBXBuildFile; fileRef = 11BF82EC20DE85500065D0CF /* CalendarBodyView.swift */; };
		11BF82F120DEC3850065D0CF /* CalendarInfoView.swift in Sources */ = {isa = PBXBuildFile; fileRef = 11BF82F020DEC3850065D0CF /* CalendarInfoView.swift */; };
		11D0E56A2123A3E1002595F1 /* extention.swift in Sources */ = {isa = PBXBuildFile; fileRef = 11D0E5692123A3E1002595F1 /* extention.swift */; };
		11D0E56C2123AA8E002595F1 /* createCells.swift in Sources */ = {isa = PBXBuildFile; fileRef = 11D0E56B2123AA8E002595F1 /* createCells.swift */; };
		11D0E56E212424B7002595F1 /* pregnancyRisk.swift in Sources */ = {isa = PBXBuildFile; fileRef = 11D0E56D212424B7002595F1 /* pregnancyRisk.swift */; };
		11D0E57221247F39002595F1 /* Defaults.swift in Sources */ = {isa = PBXBuildFile; fileRef = 11D0E57121247F39002595F1 /* Defaults.swift */; };
		11DD053420DAD63F00E13A84 /* CalendarViewController.swift in Sources */ = {isa = PBXBuildFile; fileRef = 11DD053320DAD63F00E13A84 /* CalendarViewController.swift */; };
		11DD053620DAD65A00E13A84 /* SettingsViewController.swift in Sources */ = {isa = PBXBuildFile; fileRef = 11DD053520DAD65A00E13A84 /* SettingsViewController.swift */; };
		11DD053820DAD66E00E13A84 /* ForYouViewController.swift in Sources */ = {isa = PBXBuildFile; fileRef = 11DD053720DAD66E00E13A84 /* ForYouViewController.swift */; };
		11DD053E20DAEFEC00E13A84 /* TabBarController.swift in Sources */ = {isa = PBXBuildFile; fileRef = 11DD053D20DAEFEC00E13A84 /* TabBarController.swift */; };
		11DD054220DAFB2100E13A84 /* SetBackgoundImage.swift in Sources */ = {isa = PBXBuildFile; fileRef = 11DD054120DAFB2100E13A84 /* SetBackgoundImage.swift */; };
		ACBC0AF4AED3450CA7427A3C /* Pods_myCalendarTests.framework in Frameworks */ = {isa = PBXBuildFile; fileRef = E2A8DDEEB7E9F5687111A7A5 /* Pods_myCalendarTests.framework */; };
		F4749AE3084823F5EB952429 /* Pods_myCalendar.framework in Frameworks */ = {isa = PBXBuildFile; fileRef = 5B3F6647253F26A0C4417EE5 /* Pods_myCalendar.framework */; };
/* End PBXBuildFile section */

/* Begin PBXContainerItemProxy section */
		118CFD7320D8FAD100843B7F /* PBXContainerItemProxy */ = {
			isa = PBXContainerItemProxy;
			containerPortal = 118CFD5320D8FACF00843B7F /* Project object */;
			proxyType = 1;
			remoteGlobalIDString = 118CFD5A20D8FACF00843B7F;
			remoteInfo = myCalendar;
		};
/* End PBXContainerItemProxy section */

/* Begin PBXFileReference section */
		11198251212225B60059A882 /* myCalendar.app */ = {isa = PBXFileReference; explicitFileType = wrapper.application; includeInIndex = 0; path = myCalendar.app; sourceTree = BUILT_PRODUCTS_DIR; };
		11198252212225B60059A882 /* myCalendarTests.xctest */ = {isa = PBXFileReference; explicitFileType = wrapper.cfbundle; includeInIndex = 0; name = myCalendarTests.xctest; path = "/Users/bentigge/Swift Projekte/perioden_kalender/myCalendar/build/Debug-iphoneos/myCalendarTests.xctest"; sourceTree = "<absolute>"; };
		1119825321222B180059A882 /* UserInfo.swift */ = {isa = PBXFileReference; lastKnownFileType = sourcecode.swift; path = UserInfo.swift; sourceTree = "<group>"; };
		1119825521222BF70059A882 /* Settings.swift */ = {isa = PBXFileReference; lastKnownFileType = sourcecode.swift; path = Settings.swift; sourceTree = "<group>"; };
		1119825721222C080059A882 /* AppStyle.swift */ = {isa = PBXFileReference; lastKnownFileType = sourcecode.swift; path = AppStyle.swift; sourceTree = "<group>"; };
		1119825C212233B60059A882 /* ThemeProtocol.swift */ = {isa = PBXFileReference; lastKnownFileType = sourcecode.swift; path = ThemeProtocol.swift; sourceTree = "<group>"; };
		1119825E212234AD0059A882 /* ClassicTheme.swift */ = {isa = PBXFileReference; lastKnownFileType = sourcecode.swift; path = ClassicTheme.swift; sourceTree = "<group>"; };
		11198260212234BA0059A882 /* LightTheme.swift */ = {isa = PBXFileReference; lastKnownFileType = sourcecode.swift; path = LightTheme.swift; sourceTree = "<group>"; };
		11198262212234C50059A882 /* DarkTheme.swift */ = {isa = PBXFileReference; lastKnownFileType = sourcecode.swift; path = DarkTheme.swift; sourceTree = "<group>"; };
		11198264212237DF0059A882 /* Colors.xcassets */ = {isa = PBXFileReference; lastKnownFileType = folder.assetcatalog; path = Colors.xcassets; sourceTree = "<group>"; };
		11198266212238A70059A882 /* Theme.swift */ = {isa = PBXFileReference; lastKnownFileType = sourcecode.swift; path = Theme.swift; sourceTree = "<group>"; };
		111982682122DBE00059A882 /* ForYouData.swift */ = {isa = PBXFileReference; lastKnownFileType = sourcecode.swift; path = ForYouData.swift; sourceTree = "<group>"; };
		115B853B2124A3D700A57E1B /* CustomCell.swift */ = {isa = PBXFileReference; lastKnownFileType = sourcecode.swift; path = CustomCell.swift; sourceTree = "<group>"; };
		117D9E0E20E434980062DD80 /* CalenderBodyViewController.swift */ = {isa = PBXFileReference; lastKnownFileType = sourcecode.swift; path = CalenderBodyViewController.swift; sourceTree = "<group>"; };
		118CFD5E20D8FACF00843B7F /* AppDelegate.swift */ = {isa = PBXFileReference; lastKnownFileType = sourcecode.swift; path = AppDelegate.swift; sourceTree = "<group>"; };
		118CFD6620D8FACF00843B7F /* myCalendar.xcdatamodel */ = {isa = PBXFileReference; lastKnownFileType = wrapper.xcdatamodel; path = myCalendar.xcdatamodel; sourceTree = "<group>"; };
		118CFD6820D8FAD000843B7F /* Assets.xcassets */ = {isa = PBXFileReference; lastKnownFileType = folder.assetcatalog; path = Assets.xcassets; sourceTree = "<group>"; };
		118CFD6B20D8FAD000843B7F /* Base */ = {isa = PBXFileReference; lastKnownFileType = file.storyboard; name = Base; path = Base.lproj/LaunchScreen.storyboard; sourceTree = "<group>"; };
		118CFD6D20D8FAD000843B7F /* Info.plist */ = {isa = PBXFileReference; lastKnownFileType = text.plist.xml; path = Info.plist; sourceTree = "<group>"; };
		118CFD7620D8FAD100843B7F /* myCalendarTests.swift */ = {isa = PBXFileReference; lastKnownFileType = sourcecode.swift; path = myCalendarTests.swift; sourceTree = "<group>"; };
		118CFD7820D8FAD100843B7F /* Info.plist */ = {isa = PBXFileReference; lastKnownFileType = text.plist.xml; path = Info.plist; sourceTree = "<group>"; };
		1199F01021231696007B6244 /* ViewControllerProtocol.swift */ = {isa = PBXFileReference; lastKnownFileType = sourcecode.swift; path = ViewControllerProtocol.swift; sourceTree = "<group>"; };
		1199F01421233231007B6244 /* ForYouCell.swift */ = {isa = PBXFileReference; lastKnownFileType = sourcecode.swift; path = ForYouCell.swift; sourceTree = "<group>"; };
		1199F01821233B93007B6244 /* CellContent.swift */ = {isa = PBXFileReference; lastKnownFileType = sourcecode.swift; path = CellContent.swift; sourceTree = "<group>"; };
		11BF82E620DD234A0065D0CF /* CalendarHeaderView.swift */ = {isa = PBXFileReference; lastKnownFileType = sourcecode.swift; path = CalendarHeaderView.swift; sourceTree = "<group>"; };
		11BF82E920DD24E20065D0CF /* CalendarMonthsModel.swift */ = {isa = PBXFileReference; lastKnownFileType = sourcecode.swift; path = CalendarMonthsModel.swift; sourceTree = "<group>"; };
		11BF82EC20DE85500065D0CF /* CalendarBodyView.swift */ = {isa = PBXFileReference; lastKnownFileType = sourcecode.swift; path = CalendarBodyView.swift; sourceTree = "<group>"; };
		11BF82F020DEC3850065D0CF /* CalendarInfoView.swift */ = {isa = PBXFileReference; lastKnownFileType = sourcecode.swift; path = CalendarInfoView.swift; sourceTree = "<group>"; };
		11D0E5692123A3E1002595F1 /* extention.swift */ = {isa = PBXFileReference; lastKnownFileType = sourcecode.swift; path = extention.swift; sourceTree = "<group>"; };
		11D0E56B2123AA8E002595F1 /* createCells.swift */ = {isa = PBXFileReference; lastKnownFileType = sourcecode.swift; path = createCells.swift; sourceTree = "<group>"; };
		11D0E56D212424B7002595F1 /* pregnancyRisk.swift */ = {isa = PBXFileReference; lastKnownFileType = sourcecode.swift; path = pregnancyRisk.swift; sourceTree = "<group>"; };
		11D0E57121247F39002595F1 /* Defaults.swift */ = {isa = PBXFileReference; lastKnownFileType = sourcecode.swift; path = Defaults.swift; sourceTree = "<group>"; };
		11DD053320DAD63F00E13A84 /* CalendarViewController.swift */ = {isa = PBXFileReference; lastKnownFileType = sourcecode.swift; path = CalendarViewController.swift; sourceTree = "<group>"; };
		11DD053520DAD65A00E13A84 /* SettingsViewController.swift */ = {isa = PBXFileReference; lastKnownFileType = sourcecode.swift; path = SettingsViewController.swift; sourceTree = "<group>"; };
		11DD053720DAD66E00E13A84 /* ForYouViewController.swift */ = {isa = PBXFileReference; lastKnownFileType = sourcecode.swift; path = ForYouViewController.swift; sourceTree = "<group>"; };
		11DD053D20DAEFEC00E13A84 /* TabBarController.swift */ = {isa = PBXFileReference; lastKnownFileType = sourcecode.swift; path = TabBarController.swift; sourceTree = "<group>"; };
		11DD054120DAFB2100E13A84 /* SetBackgoundImage.swift */ = {isa = PBXFileReference; lastKnownFileType = sourcecode.swift; path = SetBackgoundImage.swift; sourceTree = "<group>"; };
		167D3A70596099D11030AF3C /* Pods-myCalendarTests.release.xcconfig */ = {isa = PBXFileReference; includeInIndex = 1; lastKnownFileType = text.xcconfig; name = "Pods-myCalendarTests.release.xcconfig"; path = "Pods/Target Support Files/Pods-myCalendarTests/Pods-myCalendarTests.release.xcconfig"; sourceTree = "<group>"; };
		472AED17980E3C84AA0D8F50 /* Pods-myCalendar.debug.xcconfig */ = {isa = PBXFileReference; includeInIndex = 1; lastKnownFileType = text.xcconfig; name = "Pods-myCalendar.debug.xcconfig"; path = "Pods/Target Support Files/Pods-myCalendar/Pods-myCalendar.debug.xcconfig"; sourceTree = "<group>"; };
		5B3F6647253F26A0C4417EE5 /* Pods_myCalendar.framework */ = {isa = PBXFileReference; explicitFileType = wrapper.framework; includeInIndex = 0; path = Pods_myCalendar.framework; sourceTree = BUILT_PRODUCTS_DIR; };
		B0D60660B14A36CA2BF0FC65 /* Pods-myCalendarTests.debug.xcconfig */ = {isa = PBXFileReference; includeInIndex = 1; lastKnownFileType = text.xcconfig; name = "Pods-myCalendarTests.debug.xcconfig"; path = "Pods/Target Support Files/Pods-myCalendarTests/Pods-myCalendarTests.debug.xcconfig"; sourceTree = "<group>"; };
		E2A8DDEEB7E9F5687111A7A5 /* Pods_myCalendarTests.framework */ = {isa = PBXFileReference; explicitFileType = wrapper.framework; includeInIndex = 0; path = Pods_myCalendarTests.framework; sourceTree = BUILT_PRODUCTS_DIR; };
		EC99AA036B0BA3AFB35CB95A /* Pods-myCalendar.release.xcconfig */ = {isa = PBXFileReference; includeInIndex = 1; lastKnownFileType = text.xcconfig; name = "Pods-myCalendar.release.xcconfig"; path = "Pods/Target Support Files/Pods-myCalendar/Pods-myCalendar.release.xcconfig"; sourceTree = "<group>"; };
/* End PBXFileReference section */

/* Begin PBXFrameworksBuildPhase section */
		118CFD5820D8FACF00843B7F /* Frameworks */ = {
			isa = PBXFrameworksBuildPhase;
			buildActionMask = 2147483647;
			files = (
				F4749AE3084823F5EB952429 /* Pods_myCalendar.framework in Frameworks */,
			);
			runOnlyForDeploymentPostprocessing = 0;
		};
		118CFD6F20D8FAD100843B7F /* Frameworks */ = {
			isa = PBXFrameworksBuildPhase;
			buildActionMask = 2147483647;
			files = (
				ACBC0AF4AED3450CA7427A3C /* Pods_myCalendarTests.framework in Frameworks */,
			);
			runOnlyForDeploymentPostprocessing = 0;
		};
/* End PBXFrameworksBuildPhase section */

/* Begin PBXGroup section */
		0BFC308EAB223DA82E32CE41 /* Frameworks */ = {
			isa = PBXGroup;
			children = (
				5B3F6647253F26A0C4417EE5 /* Pods_myCalendar.framework */,
				E2A8DDEEB7E9F5687111A7A5 /* Pods_myCalendarTests.framework */,
			);
			name = Frameworks;
			sourceTree = "<group>";
		};
		11198259212233700059A882 /* Themes */ = {
			isa = PBXGroup;
			children = (
				1119825C212233B60059A882 /* ThemeProtocol.swift */,
				1119825E212234AD0059A882 /* ClassicTheme.swift */,
				11198260212234BA0059A882 /* LightTheme.swift */,
				11198262212234C50059A882 /* DarkTheme.swift */,
				11198266212238A70059A882 /* Theme.swift */,
			);
			path = Themes;
			sourceTree = "<group>";
		};
		115B853A2124A3BF00A57E1B /* Calendar */ = {
			isa = PBXGroup;
			children = (
				115B853B2124A3D700A57E1B /* CustomCell.swift */,
			);
			path = Calendar;
			sourceTree = "<group>";
		};
		118CFD5220D8FACF00843B7F = {
			isa = PBXGroup;
			children = (
				118CFD5D20D8FACF00843B7F /* myCalendar */,
				118CFD7520D8FAD100843B7F /* myCalendarTests */,
				C054C63251A3D1E6A46C95DA /* Pods */,
				0BFC308EAB223DA82E32CE41 /* Frameworks */,
				11198251212225B60059A882 /* myCalendar.app */,
			);
			sourceTree = "<group>";
		};
		118CFD5D20D8FACF00843B7F /* myCalendar */ = {
			isa = PBXGroup;
			children = (
				115B853A2124A3BF00A57E1B /* Calendar */,
				11BF82EB20DE56AA0065D0CF /* Singletons */,
				11BF82E820DD24C80065D0CF /* Model */,
				11DD053A20DAE7CA00E13A84 /* Controller */,
				11DD053920DAE7C000E13A84 /* View */,
				118CFD6820D8FAD000843B7F /* Assets.xcassets */,
				118CFD6A20D8FAD000843B7F /* LaunchScreen.storyboard */,
				118CFD6D20D8FAD000843B7F /* Info.plist */,
				118CFD6520D8FACF00843B7F /* myCalendar.xcdatamodeld */,
				11198264212237DF0059A882 /* Colors.xcassets */,
			);
			path = myCalendar;
			sourceTree = "<group>";
		};
		118CFD7520D8FAD100843B7F /* myCalendarTests */ = {
			isa = PBXGroup;
			children = (
				118CFD7620D8FAD100843B7F /* myCalendarTests.swift */,
				118CFD7820D8FAD100843B7F /* Info.plist */,
			);
			path = myCalendarTests;
			sourceTree = "<group>";
		};
		11BF82E820DD24C80065D0CF /* Model */ = {
			isa = PBXGroup;
			children = (
				11198259212233700059A882 /* Themes */,
				11BF82E920DD24E20065D0CF /* CalendarMonthsModel.swift */,
				1119825321222B180059A882 /* UserInfo.swift */,
				1119825521222BF70059A882 /* Settings.swift */,
				1119825721222C080059A882 /* AppStyle.swift */,
				111982682122DBE00059A882 /* ForYouData.swift */,
				1199F01821233B93007B6244 /* CellContent.swift */,
				11D0E56B2123AA8E002595F1 /* createCells.swift */,
				11D0E56D212424B7002595F1 /* pregnancyRisk.swift */,
				11D0E57121247F39002595F1 /* Defaults.swift */,
			);
			path = Model;
			sourceTree = "<group>";
		};
		11BF82EB20DE56AA0065D0CF /* Singletons */ = {
			isa = PBXGroup;
			children = (
				118CFD5E20D8FACF00843B7F /* AppDelegate.swift */,
			);
			path = Singletons;
			sourceTree = "<group>";
		};
		11DD053920DAE7C000E13A84 /* View */ = {
			isa = PBXGroup;
			children = (
				11DD054120DAFB2100E13A84 /* SetBackgoundImage.swift */,
				11BF82E620DD234A0065D0CF /* CalendarHeaderView.swift */,
				11BF82EC20DE85500065D0CF /* CalendarBodyView.swift */,
				11BF82F020DEC3850065D0CF /* CalendarInfoView.swift */,
				1199F01421233231007B6244 /* ForYouCell.swift */,
				11D0E5692123A3E1002595F1 /* extention.swift */,
			);
			path = View;
			sourceTree = "<group>";
		};
		11DD053A20DAE7CA00E13A84 /* Controller */ = {
			isa = PBXGroup;
			children = (
				11DD053720DAD66E00E13A84 /* ForYouViewController.swift */,
				11DD053320DAD63F00E13A84 /* CalendarViewController.swift */,
				11DD053520DAD65A00E13A84 /* SettingsViewController.swift */,
				11DD053D20DAEFEC00E13A84 /* TabBarController.swift */,
				117D9E0E20E434980062DD80 /* CalenderBodyViewController.swift */,
				1199F01021231696007B6244 /* ViewControllerProtocol.swift */,
			);
			path = Controller;
			sourceTree = "<group>";
		};
		C054C63251A3D1E6A46C95DA /* Pods */ = {
			isa = PBXGroup;
			children = (
				472AED17980E3C84AA0D8F50 /* Pods-myCalendar.debug.xcconfig */,
				EC99AA036B0BA3AFB35CB95A /* Pods-myCalendar.release.xcconfig */,
				B0D60660B14A36CA2BF0FC65 /* Pods-myCalendarTests.debug.xcconfig */,
				167D3A70596099D11030AF3C /* Pods-myCalendarTests.release.xcconfig */,
			);
			name = Pods;
			sourceTree = "<group>";
		};
/* End PBXGroup section */

/* Begin PBXNativeTarget section */
		118CFD5A20D8FACF00843B7F /* myCalendar */ = {
			isa = PBXNativeTarget;
			buildConfigurationList = 118CFD7B20D8FAD100843B7F /* Build configuration list for PBXNativeTarget "myCalendar" */;
			buildPhases = (
				D103F10E4D11BC26DE012601 /* [CP] Check Pods Manifest.lock */,
				118CFD5720D8FACF00843B7F /* Sources */,
				118CFD5820D8FACF00843B7F /* Frameworks */,
				118CFD5920D8FACF00843B7F /* Resources */,
			);
			buildRules = (
			);
			dependencies = (
			);
			name = myCalendar;
			productName = myCalendar;
			productReference = 11198251212225B60059A882 /* myCalendar.app */;
			productType = "com.apple.product-type.application";
		};
		118CFD7120D8FAD100843B7F /* myCalendarTests */ = {
			isa = PBXNativeTarget;
			buildConfigurationList = 118CFD7E20D8FAD100843B7F /* Build configuration list for PBXNativeTarget "myCalendarTests" */;
			buildPhases = (
				EEC0F84991F381EFA0A0871B /* [CP] Check Pods Manifest.lock */,
				118CFD6E20D8FAD100843B7F /* Sources */,
				118CFD6F20D8FAD100843B7F /* Frameworks */,
				118CFD7020D8FAD100843B7F /* Resources */,
				9E33E11B9BF94F501D4A615F /* [CP] Embed Pods Frameworks */,
			);
			buildRules = (
			);
			dependencies = (
				118CFD7420D8FAD100843B7F /* PBXTargetDependency */,
			);
			name = myCalendarTests;
			productName = myCalendarTests;
			productReference = 11198252212225B60059A882 /* myCalendarTests.xctest */;
			productType = "com.apple.product-type.bundle.unit-test";
		};
/* End PBXNativeTarget section */

/* Begin PBXProject section */
		118CFD5320D8FACF00843B7F /* Project object */ = {
			isa = PBXProject;
			attributes = {
				LastSwiftUpdateCheck = 0940;
				LastUpgradeCheck = 0940;
				ORGANIZATIONNAME = "Benjamin Tiggemann";
				TargetAttributes = {
					118CFD5A20D8FACF00843B7F = {
						CreatedOnToolsVersion = 9.4;
					};
					118CFD7120D8FAD100843B7F = {
						CreatedOnToolsVersion = 9.4;
						TestTargetID = 118CFD5A20D8FACF00843B7F;
					};
				};
			};
			buildConfigurationList = 118CFD5620D8FACF00843B7F /* Build configuration list for PBXProject "myCalendar" */;
			compatibilityVersion = "Xcode 9.3";
			developmentRegion = en;
			hasScannedForEncodings = 0;
			knownRegions = (
				en,
				Base,
			);
			mainGroup = 118CFD5220D8FACF00843B7F;
			productRefGroup = 118CFD5220D8FACF00843B7F;
			projectDirPath = "";
			projectRoot = "";
			targets = (
				118CFD5A20D8FACF00843B7F /* myCalendar */,
				118CFD7120D8FAD100843B7F /* myCalendarTests */,
			);
		};
/* End PBXProject section */

/* Begin PBXResourcesBuildPhase section */
		118CFD5920D8FACF00843B7F /* Resources */ = {
			isa = PBXResourcesBuildPhase;
			buildActionMask = 2147483647;
			files = (
				11198265212237DF0059A882 /* Colors.xcassets in Resources */,
				118CFD6C20D8FAD000843B7F /* LaunchScreen.storyboard in Resources */,
				118CFD6920D8FAD000843B7F /* Assets.xcassets in Resources */,
			);
			runOnlyForDeploymentPostprocessing = 0;
		};
		118CFD7020D8FAD100843B7F /* Resources */ = {
			isa = PBXResourcesBuildPhase;
			buildActionMask = 2147483647;
			files = (
			);
			runOnlyForDeploymentPostprocessing = 0;
		};
/* End PBXResourcesBuildPhase section */

/* Begin PBXShellScriptBuildPhase section */
		9E33E11B9BF94F501D4A615F /* [CP] Embed Pods Frameworks */ = {
			isa = PBXShellScriptBuildPhase;
			buildActionMask = 2147483647;
			files = (
			);
			inputPaths = (
				"${SRCROOT}/Pods/Target Support Files/Pods-myCalendarTests/Pods-myCalendarTests-frameworks.sh",
				"${BUILT_PRODUCTS_DIR}/JTAppleCalendar/JTAppleCalendar.framework",
			);
			name = "[CP] Embed Pods Frameworks";
			outputPaths = (
				"${TARGET_BUILD_DIR}/${FRAMEWORKS_FOLDER_PATH}/JTAppleCalendar.framework",
			);
			runOnlyForDeploymentPostprocessing = 0;
			shellPath = /bin/sh;
			shellScript = "\"${SRCROOT}/Pods/Target Support Files/Pods-myCalendarTests/Pods-myCalendarTests-frameworks.sh\"\n";
			showEnvVarsInLog = 0;
		};
		D103F10E4D11BC26DE012601 /* [CP] Check Pods Manifest.lock */ = {
			isa = PBXShellScriptBuildPhase;
			buildActionMask = 2147483647;
			files = (
			);
			inputPaths = (
				"${PODS_PODFILE_DIR_PATH}/Podfile.lock",
				"${PODS_ROOT}/Manifest.lock",
			);
			name = "[CP] Check Pods Manifest.lock";
			outputPaths = (
				"$(DERIVED_FILE_DIR)/Pods-myCalendar-checkManifestLockResult.txt",
			);
			runOnlyForDeploymentPostprocessing = 0;
			shellPath = /bin/sh;
			shellScript = "diff \"${PODS_PODFILE_DIR_PATH}/Podfile.lock\" \"${PODS_ROOT}/Manifest.lock\" > /dev/null\nif [ $? != 0 ] ; then\n    # print error to STDERR\n    echo \"error: The sandbox is not in sync with the Podfile.lock. Run 'pod install' or update your CocoaPods installation.\" >&2\n    exit 1\nfi\n# This output is used by Xcode 'outputs' to avoid re-running this script phase.\necho \"SUCCESS\" > \"${SCRIPT_OUTPUT_FILE_0}\"\n";
			showEnvVarsInLog = 0;
		};
		EEC0F84991F381EFA0A0871B /* [CP] Check Pods Manifest.lock */ = {
			isa = PBXShellScriptBuildPhase;
			buildActionMask = 2147483647;
			files = (
			);
			inputPaths = (
				"${PODS_PODFILE_DIR_PATH}/Podfile.lock",
				"${PODS_ROOT}/Manifest.lock",
			);
			name = "[CP] Check Pods Manifest.lock";
			outputPaths = (
				"$(DERIVED_FILE_DIR)/Pods-myCalendarTests-checkManifestLockResult.txt",
			);
			runOnlyForDeploymentPostprocessing = 0;
			shellPath = /bin/sh;
			shellScript = "diff \"${PODS_PODFILE_DIR_PATH}/Podfile.lock\" \"${PODS_ROOT}/Manifest.lock\" > /dev/null\nif [ $? != 0 ] ; then\n    # print error to STDERR\n    echo \"error: The sandbox is not in sync with the Podfile.lock. Run 'pod install' or update your CocoaPods installation.\" >&2\n    exit 1\nfi\n# This output is used by Xcode 'outputs' to avoid re-running this script phase.\necho \"SUCCESS\" > \"${SCRIPT_OUTPUT_FILE_0}\"\n";
			showEnvVarsInLog = 0;
		};
/* End PBXShellScriptBuildPhase section */

/* Begin PBXSourcesBuildPhase section */
		118CFD5720D8FACF00843B7F /* Sources */ = {
			isa = PBXSourcesBuildPhase;
			buildActionMask = 2147483647;
			files = (
				117D9E0F20E434980062DD80 /* CalenderBodyViewController.swift in Sources */,
				11DD053E20DAEFEC00E13A84 /* TabBarController.swift in Sources */,
				11D0E56A2123A3E1002595F1 /* extention.swift in Sources */,
				1199F01121231696007B6244 /* ViewControllerProtocol.swift in Sources */,
				11198263212234C50059A882 /* DarkTheme.swift in Sources */,
				11DD053620DAD65A00E13A84 /* SettingsViewController.swift in Sources */,
				11BF82ED20DE85500065D0CF /* CalendarBodyView.swift in Sources */,
				11198261212234BA0059A882 /* LightTheme.swift in Sources */,
				1119825621222BF70059A882 /* Settings.swift in Sources */,
				11D0E56E212424B7002595F1 /* pregnancyRisk.swift in Sources */,
				11D0E56C2123AA8E002595F1 /* createCells.swift in Sources */,
				115B853C2124A3D800A57E1B /* CustomCell.swift in Sources */,
				11DD053420DAD63F00E13A84 /* CalendarViewController.swift in Sources */,
				1119825821222C080059A882 /* AppStyle.swift in Sources */,
				118CFD6720D8FACF00843B7F /* myCalendar.xcdatamodeld in Sources */,
				11DD053820DAD66E00E13A84 /* ForYouViewController.swift in Sources */,
				118CFD5F20D8FACF00843B7F /* AppDelegate.swift in Sources */,
				111982692122DBE00059A882 /* ForYouData.swift in Sources */,
				1199F01921233B93007B6244 /* CellContent.swift in Sources */,
				1119825421222B180059A882 /* UserInfo.swift in Sources */,
				1119825F212234AD0059A882 /* ClassicTheme.swift in Sources */,
				11BF82EA20DD24E20065D0CF /* CalendarMonthsModel.swift in Sources */,
				11BF82E720DD234A0065D0CF /* CalendarHeaderView.swift in Sources */,
				11BF82F120DEC3850065D0CF /* CalendarInfoView.swift in Sources */,
				11198267212238A70059A882 /* Theme.swift in Sources */,
				1119825D212233B60059A882 /* ThemeProtocol.swift in Sources */,
				11D0E57221247F39002595F1 /* Defaults.swift in Sources */,
				11DD054220DAFB2100E13A84 /* SetBackgoundImage.swift in Sources */,
				1199F01521233231007B6244 /* ForYouCell.swift in Sources */,
			);
			runOnlyForDeploymentPostprocessing = 0;
		};
		118CFD6E20D8FAD100843B7F /* Sources */ = {
			isa = PBXSourcesBuildPhase;
			buildActionMask = 2147483647;
			files = (
				118CFD7720D8FAD100843B7F /* myCalendarTests.swift in Sources */,
			);
			runOnlyForDeploymentPostprocessing = 0;
		};
/* End PBXSourcesBuildPhase section */

/* Begin PBXTargetDependency section */
		118CFD7420D8FAD100843B7F /* PBXTargetDependency */ = {
			isa = PBXTargetDependency;
			target = 118CFD5A20D8FACF00843B7F /* myCalendar */;
			targetProxy = 118CFD7320D8FAD100843B7F /* PBXContainerItemProxy */;
		};
/* End PBXTargetDependency section */

/* Begin PBXVariantGroup section */
		118CFD6A20D8FAD000843B7F /* LaunchScreen.storyboard */ = {
			isa = PBXVariantGroup;
			children = (
				118CFD6B20D8FAD000843B7F /* Base */,
			);
			name = LaunchScreen.storyboard;
			sourceTree = "<group>";
		};
/* End PBXVariantGroup section */

/* Begin XCBuildConfiguration section */
		118CFD7920D8FAD100843B7F /* Debug */ = {
			isa = XCBuildConfiguration;
			buildSettings = {
				ALWAYS_SEARCH_USER_PATHS = NO;
				CLANG_ANALYZER_NONNULL = YES;
				CLANG_ANALYZER_NUMBER_OBJECT_CONVERSION = YES_AGGRESSIVE;
				CLANG_CXX_LANGUAGE_STANDARD = "gnu++14";
				CLANG_CXX_LIBRARY = "libc++";
				CLANG_ENABLE_MODULES = YES;
				CLANG_ENABLE_OBJC_ARC = YES;
				CLANG_ENABLE_OBJC_WEAK = YES;
				CLANG_WARN_BLOCK_CAPTURE_AUTORELEASING = YES;
				CLANG_WARN_BOOL_CONVERSION = YES;
				CLANG_WARN_COMMA = YES;
				CLANG_WARN_CONSTANT_CONVERSION = YES;
				CLANG_WARN_DEPRECATED_OBJC_IMPLEMENTATIONS = YES;
				CLANG_WARN_DIRECT_OBJC_ISA_USAGE = YES_ERROR;
				CLANG_WARN_DOCUMENTATION_COMMENTS = YES;
				CLANG_WARN_EMPTY_BODY = YES;
				CLANG_WARN_ENUM_CONVERSION = YES;
				CLANG_WARN_INFINITE_RECURSION = YES;
				CLANG_WARN_INT_CONVERSION = YES;
				CLANG_WARN_NON_LITERAL_NULL_CONVERSION = YES;
				CLANG_WARN_OBJC_IMPLICIT_RETAIN_SELF = YES;
				CLANG_WARN_OBJC_LITERAL_CONVERSION = YES;
				CLANG_WARN_OBJC_ROOT_CLASS = YES_ERROR;
				CLANG_WARN_RANGE_LOOP_ANALYSIS = YES;
				CLANG_WARN_STRICT_PROTOTYPES = YES;
				CLANG_WARN_SUSPICIOUS_MOVE = YES;
				CLANG_WARN_UNGUARDED_AVAILABILITY = YES_AGGRESSIVE;
				CLANG_WARN_UNREACHABLE_CODE = YES;
				CLANG_WARN__DUPLICATE_METHOD_MATCH = YES;
				CODE_SIGN_IDENTITY = "iPhone Developer";
				COPY_PHASE_STRIP = NO;
				DEBUG_INFORMATION_FORMAT = dwarf;
				ENABLE_STRICT_OBJC_MSGSEND = YES;
				ENABLE_TESTABILITY = YES;
				GCC_C_LANGUAGE_STANDARD = gnu11;
				GCC_DYNAMIC_NO_PIC = NO;
				GCC_NO_COMMON_BLOCKS = YES;
				GCC_OPTIMIZATION_LEVEL = 0;
				GCC_PREPROCESSOR_DEFINITIONS = (
					"DEBUG=1",
					"$(inherited)",
				);
				GCC_WARN_64_TO_32_BIT_CONVERSION = YES;
				GCC_WARN_ABOUT_RETURN_TYPE = YES_ERROR;
				GCC_WARN_UNDECLARED_SELECTOR = YES;
				GCC_WARN_UNINITIALIZED_AUTOS = YES_AGGRESSIVE;
				GCC_WARN_UNUSED_FUNCTION = YES;
				GCC_WARN_UNUSED_VARIABLE = YES;
				IPHONEOS_DEPLOYMENT_TARGET = 11.4;
				MTL_ENABLE_DEBUG_INFO = YES;
				ONLY_ACTIVE_ARCH = YES;
				SDKROOT = iphoneos;
				SWIFT_ACTIVE_COMPILATION_CONDITIONS = DEBUG;
				SWIFT_OPTIMIZATION_LEVEL = "-Onone";
			};
			name = Debug;
		};
		118CFD7A20D8FAD100843B7F /* Release */ = {
			isa = XCBuildConfiguration;
			buildSettings = {
				ALWAYS_SEARCH_USER_PATHS = NO;
				CLANG_ANALYZER_NONNULL = YES;
				CLANG_ANALYZER_NUMBER_OBJECT_CONVERSION = YES_AGGRESSIVE;
				CLANG_CXX_LANGUAGE_STANDARD = "gnu++14";
				CLANG_CXX_LIBRARY = "libc++";
				CLANG_ENABLE_MODULES = YES;
				CLANG_ENABLE_OBJC_ARC = YES;
				CLANG_ENABLE_OBJC_WEAK = YES;
				CLANG_WARN_BLOCK_CAPTURE_AUTORELEASING = YES;
				CLANG_WARN_BOOL_CONVERSION = YES;
				CLANG_WARN_COMMA = YES;
				CLANG_WARN_CONSTANT_CONVERSION = YES;
				CLANG_WARN_DEPRECATED_OBJC_IMPLEMENTATIONS = YES;
				CLANG_WARN_DIRECT_OBJC_ISA_USAGE = YES_ERROR;
				CLANG_WARN_DOCUMENTATION_COMMENTS = YES;
				CLANG_WARN_EMPTY_BODY = YES;
				CLANG_WARN_ENUM_CONVERSION = YES;
				CLANG_WARN_INFINITE_RECURSION = YES;
				CLANG_WARN_INT_CONVERSION = YES;
				CLANG_WARN_NON_LITERAL_NULL_CONVERSION = YES;
				CLANG_WARN_OBJC_IMPLICIT_RETAIN_SELF = YES;
				CLANG_WARN_OBJC_LITERAL_CONVERSION = YES;
				CLANG_WARN_OBJC_ROOT_CLASS = YES_ERROR;
				CLANG_WARN_RANGE_LOOP_ANALYSIS = YES;
				CLANG_WARN_STRICT_PROTOTYPES = YES;
				CLANG_WARN_SUSPICIOUS_MOVE = YES;
				CLANG_WARN_UNGUARDED_AVAILABILITY = YES_AGGRESSIVE;
				CLANG_WARN_UNREACHABLE_CODE = YES;
				CLANG_WARN__DUPLICATE_METHOD_MATCH = YES;
				CODE_SIGN_IDENTITY = "iPhone Developer";
				COPY_PHASE_STRIP = NO;
				DEBUG_INFORMATION_FORMAT = "dwarf-with-dsym";
				ENABLE_NS_ASSERTIONS = NO;
				ENABLE_STRICT_OBJC_MSGSEND = YES;
				GCC_C_LANGUAGE_STANDARD = gnu11;
				GCC_NO_COMMON_BLOCKS = YES;
				GCC_WARN_64_TO_32_BIT_CONVERSION = YES;
				GCC_WARN_ABOUT_RETURN_TYPE = YES_ERROR;
				GCC_WARN_UNDECLARED_SELECTOR = YES;
				GCC_WARN_UNINITIALIZED_AUTOS = YES_AGGRESSIVE;
				GCC_WARN_UNUSED_FUNCTION = YES;
				GCC_WARN_UNUSED_VARIABLE = YES;
				IPHONEOS_DEPLOYMENT_TARGET = 11.4;
				MTL_ENABLE_DEBUG_INFO = NO;
				SDKROOT = iphoneos;
				SWIFT_COMPILATION_MODE = wholemodule;
				SWIFT_OPTIMIZATION_LEVEL = "-O";
				VALIDATE_PRODUCT = YES;
			};
			name = Release;
		};
		118CFD7C20D8FAD100843B7F /* Debug */ = {
			isa = XCBuildConfiguration;
			baseConfigurationReference = 472AED17980E3C84AA0D8F50 /* Pods-myCalendar.debug.xcconfig */;
			buildSettings = {
				ASSETCATALOG_COMPILER_APPICON_NAME = AppIcon;
				CODE_SIGN_STYLE = Automatic;
				DEVELOPMENT_TEAM = 42H2NCV5DZ;
				INFOPLIST_FILE = myCalendar/Info.plist;
				IPHONEOS_DEPLOYMENT_TARGET = 11.3;
				LD_RUNPATH_SEARCH_PATHS = (
					"$(inherited)",
					"@executable_path/Frameworks",
				);
				PRODUCT_BUNDLE_IDENTIFIER = com.bentigge.myCalendar;
				PRODUCT_NAME = "$(TARGET_NAME)";
				SWIFT_VERSION = 4.0;
				TARGETED_DEVICE_FAMILY = 1;
			};
			name = Debug;
		};
		118CFD7D20D8FAD100843B7F /* Release */ = {
			isa = XCBuildConfiguration;
			baseConfigurationReference = EC99AA036B0BA3AFB35CB95A /* Pods-myCalendar.release.xcconfig */;
			buildSettings = {
				ASSETCATALOG_COMPILER_APPICON_NAME = AppIcon;
				CODE_SIGN_STYLE = Automatic;
				DEVELOPMENT_TEAM = 42H2NCV5DZ;
				INFOPLIST_FILE = myCalendar/Info.plist;
				IPHONEOS_DEPLOYMENT_TARGET = 11.3;
				LD_RUNPATH_SEARCH_PATHS = (
					"$(inherited)",
					"@executable_path/Frameworks",
				);
				PRODUCT_BUNDLE_IDENTIFIER = com.bentigge.myCalendar;
				PRODUCT_NAME = "$(TARGET_NAME)";
				SWIFT_VERSION = 4.0;
				TARGETED_DEVICE_FAMILY = 1;
			};
			name = Release;
		};
		118CFD7F20D8FAD100843B7F /* Debug */ = {
			isa = XCBuildConfiguration;
			baseConfigurationReference = B0D60660B14A36CA2BF0FC65 /* Pods-myCalendarTests.debug.xcconfig */;
			buildSettings = {
				ALWAYS_EMBED_SWIFT_STANDARD_LIBRARIES = YES;
				BUNDLE_LOADER = "$(TEST_HOST)";
				CODE_SIGN_STYLE = Automatic;
				DEVELOPMENT_TEAM = 42H2NCV5DZ;
				INFOPLIST_FILE = myCalendarTests/Info.plist;
				LD_RUNPATH_SEARCH_PATHS = (
					"$(inherited)",
					"@executable_path/Frameworks",
					"@loader_path/Frameworks",
				);
				PRODUCT_BUNDLE_IDENTIFIER = com.bentigge.myCalendarTests;
				PRODUCT_NAME = "$(TARGET_NAME)";
				SWIFT_VERSION = 4.0;
				TARGETED_DEVICE_FAMILY = "1,2";
				TEST_HOST = "$(BUILT_PRODUCTS_DIR)/myCalendar.app/myCalendar";
			};
			name = Debug;
		};
		118CFD8020D8FAD100843B7F /* Release */ = {
			isa = XCBuildConfiguration;
			baseConfigurationReference = 167D3A70596099D11030AF3C /* Pods-myCalendarTests.release.xcconfig */;
			buildSettings = {
				ALWAYS_EMBED_SWIFT_STANDARD_LIBRARIES = YES;
				BUNDLE_LOADER = "$(TEST_HOST)";
				CODE_SIGN_STYLE = Automatic;
				DEVELOPMENT_TEAM = 42H2NCV5DZ;
				INFOPLIST_FILE = myCalendarTests/Info.plist;
				LD_RUNPATH_SEARCH_PATHS = (
					"$(inherited)",
					"@executable_path/Frameworks",
					"@loader_path/Frameworks",
				);
				PRODUCT_BUNDLE_IDENTIFIER = com.bentigge.myCalendarTests;
				PRODUCT_NAME = "$(TARGET_NAME)";
				SWIFT_VERSION = 4.0;
				TARGETED_DEVICE_FAMILY = "1,2";
				TEST_HOST = "$(BUILT_PRODUCTS_DIR)/myCalendar.app/myCalendar";
			};
			name = Release;
		};
/* End XCBuildConfiguration section */

/* Begin XCConfigurationList section */
		118CFD5620D8FACF00843B7F /* Build configuration list for PBXProject "myCalendar" */ = {
			isa = XCConfigurationList;
			buildConfigurations = (
				118CFD7920D8FAD100843B7F /* Debug */,
				118CFD7A20D8FAD100843B7F /* Release */,
			);
			defaultConfigurationIsVisible = 0;
			defaultConfigurationName = Release;
		};
		118CFD7B20D8FAD100843B7F /* Build configuration list for PBXNativeTarget "myCalendar" */ = {
			isa = XCConfigurationList;
			buildConfigurations = (
				118CFD7C20D8FAD100843B7F /* Debug */,
				118CFD7D20D8FAD100843B7F /* Release */,
			);
			defaultConfigurationIsVisible = 0;
			defaultConfigurationName = Release;
		};
		118CFD7E20D8FAD100843B7F /* Build configuration list for PBXNativeTarget "myCalendarTests" */ = {
			isa = XCConfigurationList;
			buildConfigurations = (
				118CFD7F20D8FAD100843B7F /* Debug */,
				118CFD8020D8FAD100843B7F /* Release */,
			);
			defaultConfigurationIsVisible = 0;
			defaultConfigurationName = Release;
		};
/* End XCConfigurationList section */

/* Begin XCVersionGroup section */
		118CFD6520D8FACF00843B7F /* myCalendar.xcdatamodeld */ = {
			isa = XCVersionGroup;
			children = (
				118CFD6620D8FACF00843B7F /* myCalendar.xcdatamodel */,
			);
			currentVersion = 118CFD6620D8FACF00843B7F /* myCalendar.xcdatamodel */;
			path = myCalendar.xcdatamodeld;
			sourceTree = "<group>";
			versionGroupType = wrapper.xcdatamodel;
		};
/* End XCVersionGroup section */
	};
	rootObject = 118CFD5320D8FACF00843B7F /* Project object */;
}
